
Microsoft Visual Studio Solution File, Format Version 12.00
# Visual Studio Version 16
VisualStudioVersion = 16.0.30503.244
MinimumVisualStudioVersion = 10.0.40219.1
Project("{9A19103F-16F7-4668-BE54-9A1E7A4F7556}") = "Laba_2_2", "Laba_2_2\Laba_2_2.csproj", "{A57013AF-2255-40E0-8E78-06625B376F75}"
EndProject
Project("{FAE04EC0-301F-11D3-BF4B-00C04F79EFBC}") = "Laba_2_2Tests", "Laba_2_2Tests\Laba_2_2Tests.csproj", "{CF86F298-2605-46AD-81F1-961AB405CA0B}"
EndProject
Global
	GlobalSection(SolutionConfigurationPlatforms) = preSolution
		Debug|Any CPU = Debug|Any CPU
		Release|Any CPU = Release|Any CPU
	EndGlobalSection
	GlobalSection(ProjectConfigurationPlatforms) = postSolution
		{A57013AF-2255-40E0-8E78-06625B376F75}.Debug|Any CPU.ActiveCfg = Debug|Any CPU
		{A57013AF-2255-40E0-8E78-06625B376F75}.Debug|Any CPU.Build.0 = Debug|Any CPU
		{A57013AF-2255-40E0-8E78-06625B376F75}.Release|Any CPU.ActiveCfg = Release|Any CPU
		{A57013AF-2255-40E0-8E78-06625B376F75}.Release|Any CPU.Build.0 = Release|Any CPU
		{CF86F298-2605-46AD-81F1-961AB405CA0B}.Debug|Any CPU.ActiveCfg = Debug|Any CPU
		{CF86F298-2605-46AD-81F1-961AB405CA0B}.Debug|Any CPU.Build.0 = Debug|Any CPU
		{CF86F298-2605-46AD-81F1-961AB405CA0B}.Release|Any CPU.ActiveCfg = Release|Any CPU
		{CF86F298-2605-46AD-81F1-961AB405CA0B}.Release|Any CPU.Build.0 = Release|Any CPU
	EndGlobalSection
	GlobalSection(SolutionProperties) = preSolution
		HideSolutionNode = FALSE
	EndGlobalSection
	GlobalSection(ExtensibilityGlobals) = postSolution
		SolutionGuid = {DC3858FD-0B90-40D4-97C4-83B97F02A0F0}
	EndGlobalSection
EndGlobal
